// !$*UTF8*$!
{
	archiveVersion = 1;
	classes = {
	};
	objectVersion = 50;
	objects = {

/* Begin PBXBuildFile section */
		0D7866E726DF7BBE000786D2 /* AppDelegate.swift in Sources */ = {isa = PBXBuildFile; fileRef = 0D7866E626DF7BBE000786D2 /* AppDelegate.swift */; };
		0D7866E926DF7BBE000786D2 /* SceneDelegate.swift in Sources */ = {isa = PBXBuildFile; fileRef = 0D7866E826DF7BBE000786D2 /* SceneDelegate.swift */; };
		0D7866EB26DF7BBE000786D2 /* ViewController.swift in Sources */ = {isa = PBXBuildFile; fileRef = 0D7866EA26DF7BBE000786D2 /* ViewController.swift */; };
		0D7866EE26DF7BBE000786D2 /* Main.storyboard in Resources */ = {isa = PBXBuildFile; fileRef = 0D7866EC26DF7BBE000786D2 /* Main.storyboard */; };
		0D7866F026DF7BC0000786D2 /* Assets.xcassets in Resources */ = {isa = PBXBuildFile; fileRef = 0D7866EF26DF7BC0000786D2 /* Assets.xcassets */; };
		0D7866F326DF7BC0000786D2 /* LaunchScreen.storyboard in Resources */ = {isa = PBXBuildFile; fileRef = 0D7866F126DF7BC0000786D2 /* LaunchScreen.storyboard */; };
		0D7866FE26DF7BC1000786D2 /* SingletonDesignPatternTests.swift in Sources */ = {isa = PBXBuildFile; fileRef = 0D7866FD26DF7BC1000786D2 /* SingletonDesignPatternTests.swift */; };
		0D78670926DF7BC1000786D2 /* SingletonDesignPatternUITests.swift in Sources */ = {isa = PBXBuildFile; fileRef = 0D78670826DF7BC1000786D2 /* SingletonDesignPatternUITests.swift */; };
		0D78671B26DF7C0B000786D2 /* Singleton.swift in Sources */ = {isa = PBXBuildFile; fileRef = 0D78671A26DF7C0B000786D2 /* Singleton.swift */; };
		0D78672326DF7CDA000786D2 /* User.swift in Sources */ = {isa = PBXBuildFile; fileRef = 0D78672226DF7CDA000786D2 /* User.swift */; };
/* End PBXBuildFile section */

/* Begin PBXContainerItemProxy section */
		0D7866FA26DF7BC1000786D2 /* PBXContainerItemProxy */ = {
			isa = PBXContainerItemProxy;
			containerPortal = 0D7866DB26DF7BBE000786D2 /* Project object */;
			proxyType = 1;
			remoteGlobalIDString = 0D7866E226DF7BBE000786D2;
			remoteInfo = SingletonDesignPattern;
		};
		0D78670526DF7BC1000786D2 /* PBXContainerItemProxy */ = {
			isa = PBXContainerItemProxy;
			containerPortal = 0D7866DB26DF7BBE000786D2 /* Project object */;
			proxyType = 1;
			remoteGlobalIDString = 0D7866E226DF7BBE000786D2;
			remoteInfo = SingletonDesignPattern;
		};
/* End PBXContainerItemProxy section */

/* Begin PBXFileReference section */
		0D7866E326DF7BBE000786D2 /* SingletonDesignPattern.app */ = {isa = PBXFileReference; explicitFileType = wrapper.application; includeInIndex = 0; path = SingletonDesignPattern.app; sourceTree = BUILT_PRODUCTS_DIR; };
		0D7866E626DF7BBE000786D2 /* AppDelegate.swift */ = {isa = PBXFileReference; lastKnownFileType = sourcecode.swift; path = AppDelegate.swift; sourceTree = "<group>"; };
		0D7866E826DF7BBE000786D2 /* SceneDelegate.swift */ = {isa = PBXFileReference; lastKnownFileType = sourcecode.swift; path = SceneDelegate.swift; sourceTree = "<group>"; };
		0D7866EA26DF7BBE000786D2 /* ViewController.swift */ = {isa = PBXFileReference; lastKnownFileType = sourcecode.swift; path = ViewController.swift; sourceTree = "<group>"; };
		0D7866ED26DF7BBE000786D2 /* Base */ = {isa = PBXFileReference; lastKnownFileType = file.storyboard; name = Base; path = Base.lproj/Main.storyboard; sourceTree = "<group>"; };
		0D7866EF26DF7BC0000786D2 /* Assets.xcassets */ = {isa = PBXFileReference; lastKnownFileType = folder.assetcatalog; path = Assets.xcassets; sourceTree = "<group>"; };
		0D7866F226DF7BC0000786D2 /* Base */ = {isa = PBXFileReference; lastKnownFileType = file.storyboard; name = Base; path = Base.lproj/LaunchScreen.storyboard; sourceTree = "<group>"; };
		0D7866F426DF7BC0000786D2 /* Info.plist */ = {isa = PBXFileReference; lastKnownFileType = text.plist.xml; path = Info.plist; sourceTree = "<group>"; };
		0D7866F926DF7BC1000786D2 /* SingletonDesignPatternTests.xctest */ = {isa = PBXFileReference; explicitFileType = wrapper.cfbundle; includeInIndex = 0; path = SingletonDesignPatternTests.xctest; sourceTree = BUILT_PRODUCTS_DIR; };
		0D7866FD26DF7BC1000786D2 /* SingletonDesignPatternTests.swift */ = {isa = PBXFileReference; lastKnownFileType = sourcecode.swift; path = SingletonDesignPatternTests.swift; sourceTree = "<group>"; };
		0D7866FF26DF7BC1000786D2 /* Info.plist */ = {isa = PBXFileReference; lastKnownFileType = text.plist.xml; path = Info.plist; sourceTree = "<group>"; };
		0D78670426DF7BC1000786D2 /* SingletonDesignPatternUITests.xctest */ = {isa = PBXFileReference; explicitFileType = wrapper.cfbundle; includeInIndex = 0; path = SingletonDesignPatternUITests.xctest; sourceTree = BUILT_PRODUCTS_DIR; };
		0D78670826DF7BC1000786D2 /* SingletonDesignPatternUITests.swift */ = {isa = PBXFileReference; lastKnownFileType = sourcecode.swift; path = SingletonDesignPatternUITests.swift; sourceTree = "<group>"; };
		0D78670A26DF7BC1000786D2 /* Info.plist */ = {isa = PBXFileReference; lastKnownFileType = text.plist.xml; path = Info.plist; sourceTree = "<group>"; };
		0D78671A26DF7C0B000786D2 /* Singleton.swift */ = {isa = PBXFileReference; lastKnownFileType = sourcecode.swift; path = Singleton.swift; sourceTree = "<group>"; };
		0D78672226DF7CDA000786D2 /* User.swift */ = {isa = PBXFileReference; lastKnownFileType = sourcecode.swift; path = User.swift; sourceTree = "<group>"; };
/* End PBXFileReference section */

/* Begin PBXFrameworksBuildPhase section */
		0D7866E026DF7BBE000786D2 /* Frameworks */ = {
			isa = PBXFrameworksBuildPhase;
			buildActionMask = 2147483647;
			files = (
			);
			runOnlyForDeploymentPostprocessing = 0;
		};
		0D7866F626DF7BC1000786D2 /* Frameworks */ = {
			isa = PBXFrameworksBuildPhase;
			buildActionMask = 2147483647;
			files = (
			);
			runOnlyForDeploymentPostprocessing = 0;
		};
		0D78670126DF7BC1000786D2 /* Frameworks */ = {
			isa = PBXFrameworksBuildPhase;
			buildActionMask = 2147483647;
			files = (
			);
			runOnlyForDeploymentPostprocessing = 0;
		};
/* End PBXFrameworksBuildPhase section */

/* Begin PBXGroup section */
		0D7866DA26DF7BBE000786D2 = {
			isa = PBXGroup;
			children = (
				0D7866E526DF7BBE000786D2 /* SingletonDesignPattern */,
				0D7866FC26DF7BC1000786D2 /* SingletonDesignPatternTests */,
				0D78670726DF7BC1000786D2 /* SingletonDesignPatternUITests */,
				0D7866E426DF7BBE000786D2 /* Products */,
			);
			sourceTree = "<group>";
		};
		0D7866E426DF7BBE000786D2 /* Products */ = {
			isa = PBXGroup;
			children = (
				0D7866E326DF7BBE000786D2 /* SingletonDesignPattern.app */,
				0D7866F926DF7BC1000786D2 /* SingletonDesignPatternTests.xctest */,
				0D78670426DF7BC1000786D2 /* SingletonDesignPatternUITests.xctest */,
			);
			name = Products;
			sourceTree = "<group>";
		};
		0D7866E526DF7BBE000786D2 /* SingletonDesignPattern */ = {
			isa = PBXGroup;
			children = (
				0D78671926DF7BEF000786D2 /* Singleton */,
				0D7866E626DF7BBE000786D2 /* AppDelegate.swift */,
				0D7866E826DF7BBE000786D2 /* SceneDelegate.swift */,
				0D7866EA26DF7BBE000786D2 /* ViewController.swift */,
				0D7866EC26DF7BBE000786D2 /* Main.storyboard */,
				0D7866EF26DF7BC0000786D2 /* Assets.xcassets */,
				0D7866F126DF7BC0000786D2 /* LaunchScreen.storyboard */,
				0D7866F426DF7BC0000786D2 /* Info.plist */,
			);
			path = SingletonDesignPattern;
			sourceTree = "<group>";
		};
		0D7866FC26DF7BC1000786D2 /* SingletonDesignPatternTests */ = {
			isa = PBXGroup;
			children = (
				0D7866FD26DF7BC1000786D2 /* SingletonDesignPatternTests.swift */,
				0D7866FF26DF7BC1000786D2 /* Info.plist */,
			);
			path = SingletonDesignPatternTests;
			sourceTree = "<group>";
		};
		0D78670726DF7BC1000786D2 /* SingletonDesignPatternUITests */ = {
			isa = PBXGroup;
			children = (
				0D78670826DF7BC1000786D2 /* SingletonDesignPatternUITests.swift */,
				0D78670A26DF7BC1000786D2 /* Info.plist */,
			);
			path = SingletonDesignPatternUITests;
			sourceTree = "<group>";
		};
		0D78671926DF7BEF000786D2 /* Singleton */ = {
			isa = PBXGroup;
			children = (
				0D78671A26DF7C0B000786D2 /* Singleton.swift */,
				0D78672226DF7CDA000786D2 /* User.swift */,
			);
			path = Singleton;
			sourceTree = "<group>";
		};
/* End PBXGroup section */

/* Begin PBXNativeTarget section */
		0D7866E226DF7BBE000786D2 /* SingletonDesignPattern */ = {
			isa = PBXNativeTarget;
			buildConfigurationList = 0D78670D26DF7BC1000786D2 /* Build configuration list for PBXNativeTarget "SingletonDesignPattern" */;
			buildPhases = (
				0D7866DF26DF7BBE000786D2 /* Sources */,
				0D7866E026DF7BBE000786D2 /* Frameworks */,
				0D7866E126DF7BBE000786D2 /* Resources */,
			);
			buildRules = (
			);
			dependencies = (
			);
			name = SingletonDesignPattern;
			productName = SingletonDesignPattern;
			productReference = 0D7866E326DF7BBE000786D2 /* SingletonDesignPattern.app */;
			productType = "com.apple.product-type.application";
		};
		0D7866F826DF7BC1000786D2 /* SingletonDesignPatternTests */ = {
			isa = PBXNativeTarget;
			buildConfigurationList = 0D78671026DF7BC1000786D2 /* Build configuration list for PBXNativeTarget "SingletonDesignPatternTests" */;
			buildPhases = (
				0D7866F526DF7BC1000786D2 /* Sources */,
				0D7866F626DF7BC1000786D2 /* Frameworks */,
				0D7866F726DF7BC1000786D2 /* Resources */,
			);
			buildRules = (
			);
			dependencies = (
				0D7866FB26DF7BC1000786D2 /* PBXTargetDependency */,
			);
			name = SingletonDesignPatternTests;
			productName = SingletonDesignPatternTests;
			productReference = 0D7866F926DF7BC1000786D2 /* SingletonDesignPatternTests.xctest */;
			productType = "com.apple.product-type.bundle.unit-test";
		};
		0D78670326DF7BC1000786D2 /* SingletonDesignPatternUITests */ = {
			isa = PBXNativeTarget;
			buildConfigurationList = 0D78671326DF7BC1000786D2 /* Build configuration list for PBXNativeTarget "SingletonDesignPatternUITests" */;
			buildPhases = (
				0D78670026DF7BC1000786D2 /* Sources */,
				0D78670126DF7BC1000786D2 /* Frameworks */,
				0D78670226DF7BC1000786D2 /* Resources */,
			);
			buildRules = (
			);
			dependencies = (
				0D78670626DF7BC1000786D2 /* PBXTargetDependency */,
			);
			name = SingletonDesignPatternUITests;
			productName = SingletonDesignPatternUITests;
			productReference = 0D78670426DF7BC1000786D2 /* SingletonDesignPatternUITests.xctest */;
			productType = "com.apple.product-type.bundle.ui-testing";
		};
/* End PBXNativeTarget section */

/* Begin PBXProject section */
		0D7866DB26DF7BBE000786D2 /* Project object */ = {
			isa = PBXProject;
			attributes = {
				LastSwiftUpdateCheck = 1220;
				LastUpgradeCheck = 1220;
				TargetAttributes = {
					0D7866E226DF7BBE000786D2 = {
						CreatedOnToolsVersion = 12.2;
					};
					0D7866F826DF7BC1000786D2 = {
						CreatedOnToolsVersion = 12.2;
						TestTargetID = 0D7866E226DF7BBE000786D2;
					};
					0D78670326DF7BC1000786D2 = {
						CreatedOnToolsVersion = 12.2;
						TestTargetID = 0D7866E226DF7BBE000786D2;
					};
				};
			};
			buildConfigurationList = 0D7866DE26DF7BBE000786D2 /* Build configuration list for PBXProject "SingletonDesignPattern" */;
			compatibilityVersion = "Xcode 9.3";
			developmentRegion = en;
			hasScannedForEncodings = 0;
			knownRegions = (
				en,
				Base,
			);
			mainGroup = 0D7866DA26DF7BBE000786D2;
			productRefGroup = 0D7866E426DF7BBE000786D2 /* Products */;
			projectDirPath = "";
			projectRoot = "";
			targets = (
				0D7866E226DF7BBE000786D2 /* SingletonDesignPattern */,
				0D7866F826DF7BC1000786D2 /* SingletonDesignPatternTests */,
				0D78670326DF7BC1000786D2 /* SingletonDesignPatternUITests */,
			);
		};
/* End PBXProject section */

/* Begin PBXResourcesBuildPhase section */
		0D7866E126DF7BBE000786D2 /* Resources */ = {
			isa = PBXResourcesBuildPhase;
			buildActionMask = 2147483647;
			files = (
				0D7866F326DF7BC0000786D2 /* LaunchScreen.storyboard in Resources */,
				0D7866F026DF7BC0000786D2 /* Assets.xcassets in Resources */,
				0D7866EE26DF7BBE000786D2 /* Main.storyboard in Resources */,
			);
			runOnlyForDeploymentPostprocessing = 0;
		};
		0D7866F726DF7BC1000786D2 /* Resources */ = {
			isa = PBXResourcesBuildPhase;
			buildActionMask = 2147483647;
			files = (
			);
			runOnlyForDeploymentPostprocessing = 0;
		};
		0D78670226DF7BC1000786D2 /* Resources */ = {
			isa = PBXResourcesBuildPhase;
			buildActionMask = 2147483647;
			files = (
			);
			runOnlyForDeploymentPostprocessing = 0;
		};
/* End PBXResourcesBuildPhase section */

/* Begin PBXSourcesBuildPhase section */
		0D7866DF26DF7BBE000786D2 /* Sources */ = {
			isa = PBXSourcesBuildPhase;
			buildActionMask = 2147483647;
			files = (
				0D7866EB26DF7BBE000786D2 /* ViewController.swift in Sources */,
				0D78671B26DF7C0B000786D2 /* Singleton.swift in Sources */,
				0D7866E726DF7BBE000786D2 /* AppDelegate.swift in Sources */,
				0D78672326DF7CDA000786D2 /* User.swift in Sources */,
				0D7866E926DF7BBE000786D2 /* SceneDelegate.swift in Sources */,
			);
			runOnlyForDeploymentPostprocessing = 0;
		};
		0D7866F526DF7BC1000786D2 /* Sources */ = {
			isa = PBXSourcesBuildPhase;
			buildActionMask = 2147483647;
			files = (
				0D7866FE26DF7BC1000786D2 /* SingletonDesignPatternTests.swift in Sources */,
			);
			runOnlyForDeploymentPostprocessing = 0;
		};
		0D78670026DF7BC1000786D2 /* Sources */ = {
			isa = PBXSourcesBuildPhase;
			buildActionMask = 2147483647;
			files = (
				0D78670926DF7BC1000786D2 /* SingletonDesignPatternUITests.swift in Sources */,
			);
			runOnlyForDeploymentPostprocessing = 0;
		};
/* End PBXSourcesBuildPhase section */

/* Begin PBXTargetDependency section */
		0D7866FB26DF7BC1000786D2 /* PBXTargetDependency */ = {
			isa = PBXTargetDependency;
			target = 0D7866E226DF7BBE000786D2 /* SingletonDesignPattern */;
			targetProxy = 0D7866FA26DF7BC1000786D2 /* PBXContainerItemProxy */;
		};
		0D78670626DF7BC1000786D2 /* PBXTargetDependency */ = {
			isa = PBXTargetDependency;
			target = 0D7866E226DF7BBE000786D2 /* SingletonDesignPattern */;
			targetProxy = 0D78670526DF7BC1000786D2 /* PBXContainerItemProxy */;
		};
/* End PBXTargetDependency section */

/* Begin PBXVariantGroup section */
		0D7866EC26DF7BBE000786D2 /* Main.storyboard */ = {
			isa = PBXVariantGroup;
			children = (
				0D7866ED26DF7BBE000786D2 /* Base */,
			);
			name = Main.storyboard;
			sourceTree = "<group>";
		};
		0D7866F126DF7BC0000786D2 /* LaunchScreen.storyboard */ = {
			isa = PBXVariantGroup;
			children = (
				0D7866F226DF7BC0000786D2 /* Base */,
			);
			name = LaunchScreen.storyboard;
			sourceTree = "<group>";
		};
/* End PBXVariantGroup section */

/* Begin XCBuildConfiguration section */
		0D78670B26DF7BC1000786D2 /* Debug */ = {
			isa = XCBuildConfiguration;
			buildSettings = {
				ALWAYS_SEARCH_USER_PATHS = NO;
				CLANG_ANALYZER_NONNULL = YES;
				CLANG_ANALYZER_NUMBER_OBJECT_CONVERSION = YES_AGGRESSIVE;
				CLANG_CXX_LANGUAGE_STANDARD = "gnu++14";
				CLANG_CXX_LIBRARY = "libc++";
				CLANG_ENABLE_MODULES = YES;
				CLANG_ENABLE_OBJC_ARC = YES;
				CLANG_ENABLE_OBJC_WEAK = YES;
				CLANG_WARN_BLOCK_CAPTURE_AUTORELEASING = YES;
				CLANG_WARN_BOOL_CONVERSION = YES;
				CLANG_WARN_COMMA = YES;
				CLANG_WARN_CONSTANT_CONVERSION = YES;
				CLANG_WARN_DEPRECATED_OBJC_IMPLEMENTATIONS = YES;
				CLANG_WARN_DIRECT_OBJC_ISA_USAGE = YES_ERROR;
				CLANG_WARN_DOCUMENTATION_COMMENTS = YES;
				CLANG_WARN_EMPTY_BODY = YES;
				CLANG_WARN_ENUM_CONVERSION = YES;
				CLANG_WARN_INFINITE_RECURSION = YES;
				CLANG_WARN_INT_CONVERSION = YES;
				CLANG_WARN_NON_LITERAL_NULL_CONVERSION = YES;
				CLANG_WARN_OBJC_IMPLICIT_RETAIN_SELF = YES;
				CLANG_WARN_OBJC_LITERAL_CONVERSION = YES;
				CLANG_WARN_OBJC_ROOT_CLASS = YES_ERROR;
				CLANG_WARN_QUOTED_INCLUDE_IN_FRAMEWORK_HEADER = YES;
				CLANG_WARN_RANGE_LOOP_ANALYSIS = YES;
				CLANG_WARN_STRICT_PROTOTYPES = YES;
				CLANG_WARN_SUSPICIOUS_MOVE = YES;
				CLANG_WARN_UNGUARDED_AVAILABILITY = YES_AGGRESSIVE;
				CLANG_WARN_UNREACHABLE_CODE = YES;
				CLANG_WARN__DUPLICATE_METHOD_MATCH = YES;
				COPY_PHASE_STRIP = NO;
				DEBUG_INFORMATION_FORMAT = dwarf;
				ENABLE_STRICT_OBJC_MSGSEND = YES;
				ENABLE_TESTABILITY = YES;
				GCC_C_LANGUAGE_STANDARD = gnu11;
				GCC_DYNAMIC_NO_PIC = NO;
				GCC_NO_COMMON_BLOCKS = YES;
				GCC_OPTIMIZATION_LEVEL = 0;
				GCC_PREPROCESSOR_DEFINITIONS = (
					"DEBUG=1",
					"$(inherited)",
				);
				GCC_WARN_64_TO_32_BIT_CONVERSION = YES;
				GCC_WARN_ABOUT_RETURN_TYPE = YES_ERROR;
				GCC_WARN_UNDECLARED_SELECTOR = YES;
				GCC_WARN_UNINITIALIZED_AUTOS = YES_AGGRESSIVE;
				GCC_WARN_UNUSED_FUNCTION = YES;
				GCC_WARN_UNUSED_VARIABLE = YES;
				IPHONEOS_DEPLOYMENT_TARGET = 14.2;
				MTL_ENABLE_DEBUG_INFO = INCLUDE_SOURCE;
				MTL_FAST_MATH = YES;
				ONLY_ACTIVE_ARCH = YES;
				SDKROOT = iphoneos;
				SWIFT_ACTIVE_COMPILATION_CONDITIONS = DEBUG;
				SWIFT_OPTIMIZATION_LEVEL = "-Onone";
			};
			name = Debug;
		};
		0D78670C26DF7BC1000786D2 /* Release */ = {
			isa = XCBuildConfiguration;
			buildSettings = {
				ALWAYS_SEARCH_USER_PATHS = NO;
				CLANG_ANALYZER_NONNULL = YES;
				CLANG_ANALYZER_NUMBER_OBJECT_CONVERSION = YES_AGGRESSIVE;
				CLANG_CXX_LANGUAGE_STANDARD = "gnu++14";
				CLANG_CXX_LIBRARY = "libc++";
				CLANG_ENABLE_MODULES = YES;
				CLANG_ENABLE_OBJC_ARC = YES;
				CLANG_ENABLE_OBJC_WEAK = YES;
				CLANG_WARN_BLOCK_CAPTURE_AUTORELEASING = YES;
				CLANG_WARN_BOOL_CONVERSION = YES;
				CLANG_WARN_COMMA = YES;
				CLANG_WARN_CONSTANT_CONVERSION = YES;
				CLANG_WARN_DEPRECATED_OBJC_IMPLEMENTATIONS = YES;
				CLANG_WARN_DIRECT_OBJC_ISA_USAGE = YES_ERROR;
				CLANG_WARN_DOCUMENTATION_COMMENTS = YES;
				CLANG_WARN_EMPTY_BODY = YES;
				CLANG_WARN_ENUM_CONVERSION = YES;
				CLANG_WARN_INFINITE_RECURSION = YES;
				CLANG_WARN_INT_CONVERSION = YES;
				CLANG_WARN_NON_LITERAL_NULL_CONVERSION = YES;
				CLANG_WARN_OBJC_IMPLICIT_RETAIN_SELF = YES;
				CLANG_WARN_OBJC_LITERAL_CONVERSION = YES;
				CLANG_WARN_OBJC_ROOT_CLASS = YES_ERROR;
				CLANG_WARN_QUOTED_INCLUDE_IN_FRAMEWORK_HEADER = YES;
				CLANG_WARN_RANGE_LOOP_ANALYSIS = YES;
				CLANG_WARN_STRICT_PROTOTYPES = YES;
				CLANG_WARN_SUSPICIOUS_MOVE = YES;
				CLANG_WARN_UNGUARDED_AVAILABILITY = YES_AGGRESSIVE;
				CLANG_WARN_UNREACHABLE_CODE = YES;
				CLANG_WARN__DUPLICATE_METHOD_MATCH = YES;
				COPY_PHASE_STRIP = NO;
				DEBUG_INFORMATION_FORMAT = "dwarf-with-dsym";
				ENABLE_NS_ASSERTIONS = NO;
				ENABLE_STRICT_OBJC_MSGSEND = YES;
				GCC_C_LANGUAGE_STANDARD = gnu11;
				GCC_NO_COMMON_BLOCKS = YES;
				GCC_WARN_64_TO_32_BIT_CONVERSION = YES;
				GCC_WARN_ABOUT_RETURN_TYPE = YES_ERROR;
				GCC_WARN_UNDECLARED_SELECTOR = YES;
				GCC_WARN_UNINITIALIZED_AUTOS = YES_AGGRESSIVE;
				GCC_WARN_UNUSED_FUNCTION = YES;
				GCC_WARN_UNUSED_VARIABLE = YES;
				IPHONEOS_DEPLOYMENT_TARGET = 14.2;
				MTL_ENABLE_DEBUG_INFO = NO;
				MTL_FAST_MATH = YES;
				SDKROOT = iphoneos;
				SWIFT_COMPILATION_MODE = wholemodule;
				SWIFT_OPTIMIZATION_LEVEL = "-O";
				VALIDATE_PRODUCT = YES;
			};
			name = Release;
		};
		0D78670E26DF7BC1000786D2 /* Debug */ = {
			isa = XCBuildConfiguration;
			buildSettings = {
				ASSETCATALOG_COMPILER_APPICON_NAME = AppIcon;
				ASSETCATALOG_COMPILER_GLOBAL_ACCENT_COLOR_NAME = AccentColor;
				CODE_SIGN_STYLE = Automatic;
				INFOPLIST_FILE = SingletonDesignPattern/Info.plist;
				LD_RUNPATH_SEARCH_PATHS = (
					"$(inherited)",
					"@executable_path/Frameworks",
				);
				PRODUCT_BUNDLE_IDENTIFIER = com.wwdc.SingletonDesignPattern;
				PRODUCT_NAME = "$(TARGET_NAME)";
				SWIFT_VERSION = 5.0;
				TARGETED_DEVICE_FAMILY = "1,2";
			};
			name = Debug;
		};
		0D78670F26DF7BC1000786D2 /* Release */ = {
			isa = XCBuildConfiguration;
			buildSettings = {
				ASSETCATALOG_COMPILER_APPICON_NAME = AppIcon;
				ASSETCATALOG_COMPILER_GLOBAL_ACCENT_COLOR_NAME = AccentColor;
				CODE_SIGN_STYLE = Automatic;
				INFOPLIST_FILE = SingletonDesignPattern/Info.plist;
				LD_RUNPATH_SEARCH_PATHS = (
					"$(inherited)",
					"@executable_path/Frameworks",
				);
				PRODUCT_BUNDLE_IDENTIFIER = com.wwdc.SingletonDesignPattern;
				PRODUCT_NAME = "$(TARGET_NAME)";
				SWIFT_VERSION = 5.0;
				TARGETED_DEVICE_FAMILY = "1,2";
			};
			name = Release;
		};
		0D78671126DF7BC1000786D2 /* Debug */ = {
			isa = XCBuildConfiguration;
			buildSettings = {
				ALWAYS_EMBED_SWIFT_STANDARD_LIBRARIES = YES;
				BUNDLE_LOADER = "$(TEST_HOST)";
				CODE_SIGN_STYLE = Automatic;
				INFOPLIST_FILE = SingletonDesignPatternTests/Info.plist;
				IPHONEOS_DEPLOYMENT_TARGET = 14.2;
				LD_RUNPATH_SEARCH_PATHS = (
					"$(inherited)",
					"@executable_path/Frameworks",
					"@loader_path/Frameworks",
				);
				PRODUCT_BUNDLE_IDENTIFIER = com.wwdc.SingletonDesignPatternTests;
				PRODUCT_NAME = "$(TARGET_NAME)";
				SWIFT_VERSION = 5.0;
				TARGETED_DEVICE_FAMILY = "1,2";
				TEST_HOST = "$(BUILT_PRODUCTS_DIR)/SingletonDesignPattern.app/SingletonDesignPattern";
			};
			name = Debug;
		};
		0D78671226DF7BC1000786D2 /* Release */ = {
			isa = XCBuildConfiguration;
			buildSettings = {
				ALWAYS_EMBED_SWIFT_STANDARD_LIBRARIES = YES;
				BUNDLE_LOADER = "$(TEST_HOST)";
				CODE_SIGN_STYLE = Automatic;
				INFOPLIST_FILE = SingletonDesignPatternTests/Info.plist;
				IPHONEOS_DEPLOYMENT_TARGET = 14.2;
				LD_RUNPATH_SEARCH_PATHS = (
					"$(inherited)",
					"@executable_path/Frameworks",
					"@loader_path/Frameworks",
				);
				PRODUCT_BUNDLE_IDENTIFIER = com.wwdc.SingletonDesignPatternTests;
				PRODUCT_NAME = "$(TARGET_NAME)";
				SWIFT_VERSION = 5.0;
				TARGETED_DEVICE_FAMILY = "1,2";
				TEST_HOST = "$(BUILT_PRODUCTS_DIR)/SingletonDesignPattern.app/SingletonDesignPattern";
			};
			name = Release;
		};
		0D78671426DF7BC1000786D2 /* Debug */ = {
			isa = XCBuildConfiguration;
			buildSettings = {
				ALWAYS_EMBED_SWIFT_STANDARD_LIBRARIES = YES;
				CODE_SIGN_STYLE = Automatic;
				INFOPLIST_FILE = SingletonDesignPatternUITests/Info.plist;
				LD_RUNPATH_SEARCH_PATHS = (
					"$(inherited)",
					"@executable_path/Frameworks",
					"@loader_path/Frameworks",
				);
				PRODUCT_BUNDLE_IDENTIFIER = com.wwdc.SingletonDesignPatternUITests;
				PRODUCT_NAME = "$(TARGET_NAME)";
				SWIFT_VERSION = 5.0;
				TARGETED_DEVICE_FAMILY = "1,2";
				TEST_TARGET_NAME = SingletonDesignPattern;
			};
			name = Debug;
		};
		0D78671526DF7BC1000786D2 /* Release */ = {
			isa = XCBuildConfiguration;
			buildSettings = {
				ALWAYS_EMBED_SWIFT_STANDARD_LIBRARIES = YES;
				CODE_SIGN_STYLE = Automatic;
				INFOPLIST_FILE = SingletonDesignPatternUITests/Info.plist;
				LD_RUNPATH_SEARCH_PATHS = (
					"$(inherited)",
					"@executable_path/Frameworks",
					"@loader_path/Frameworks",
				);
				PRODUCT_BUNDLE_IDENTIFIER = com.wwdc.SingletonDesignPatternUITests;
				PRODUCT_NAME = "$(TARGET_NAME)";
				SWIFT_VERSION = 5.0;
				TARGETED_DEVICE_FAMILY = "1,2";
				TEST_TARGET_NAME = SingletonDesignPattern;
			};
			name = Release;
		};
/* End XCBuildConfiguration section */

/* Begin XCConfigurationList section */
		0D7866DE26DF7BBE000786D2 /* Build configuration list for PBXProject "SingletonDesignPattern" */ = {
			isa = XCConfigurationList;
			buildConfigurations = (
				0D78670B26DF7BC1000786D2 /* Debug */,
				0D78670C26DF7BC1000786D2 /* Release */,
			);
			defaultConfigurationIsVisible = 0;
			defaultConfigurationName = Release;
		};
		0D78670D26DF7BC1000786D2 /* Build configuration list for PBXNativeTarget "SingletonDesignPattern" */ = {
			isa = XCConfigurationList;
			buildConfigurations = (
				0D78670E26DF7BC1000786D2 /* Debug */,
				0D78670F26DF7BC1000786D2 /* Release */,
			);
			defaultConfigurationIsVisible = 0;
			defaultConfigurationName = Release;
		};
		0D78671026DF7BC1000786D2 /* Build configuration list for PBXNativeTarget "SingletonDesignPatternTests" */ = {
			isa = XCConfigurationList;
			buildConfigurations = (
				0D78671126DF7BC1000786D2 /* Debug */,
				0D78671226DF7BC1000786D2 /* Release */,
			);
			defaultConfigurationIsVisible = 0;
			defaultConfigurationName = Release;
		};
		0D78671326DF7BC1000786D2 /* Build configuration list for PBXNativeTarget "SingletonDesignPatternUITests" */ = {
			isa = XCConfigurationList;
			buildConfigurations = (
				0D78671426DF7BC1000786D2 /* Debug */,
				0D78671526DF7BC1000786D2 /* Release */,
			);
			defaultConfigurationIsVisible = 0;
			defaultConfigurationName = Release;
		};
/* End XCConfigurationList section */
	};
	rootObject = 0D7866DB26DF7BBE000786D2 /* Project object */;
}
